// !$*UTF8*$!
{
	archiveVersion = 1;
	classes = {
	};
	objectVersion = 46;
	objects = {

/* Begin PBXBuildFile section */
		A9BB37711C13331600ADDA72 /* AppDelegate.swift in Sources */ = {isa = PBXBuildFile; fileRef = A9BB37701C13331600ADDA72 /* AppDelegate.swift */; };
		A9BB37731C13331600ADDA72 /* ProgressViewController.swift in Sources */ = {isa = PBXBuildFile; fileRef = A9BB37721C13331600ADDA72 /* ProgressViewController.swift */; };
		A9BB37751C13331600ADDA72 /* MemberViewController.swift in Sources */ = {isa = PBXBuildFile; fileRef = A9BB37741C13331600ADDA72 /* MemberViewController.swift */; };
		A9BB37781C13331600ADDA72 /* Main.storyboard in Resources */ = {isa = PBXBuildFile; fileRef = A9BB37761C13331600ADDA72 /* Main.storyboard */; };
		A9BB377A1C13331600ADDA72 /* Assets.xcassets in Resources */ = {isa = PBXBuildFile; fileRef = A9BB37791C13331600ADDA72 /* Assets.xcassets */; };
		A9BB377D1C13331600ADDA72 /* LaunchScreen.storyboard in Resources */ = {isa = PBXBuildFile; fileRef = A9BB377B1C13331600ADDA72 /* LaunchScreen.storyboard */; };
		A9BB37881C13331600ADDA72 /* SuduTests.swift in Sources */ = {isa = PBXBuildFile; fileRef = A9BB37871C13331600ADDA72 /* SuduTests.swift */; };
		A9BB37931C13331700ADDA72 /* SuduUITests.swift in Sources */ = {isa = PBXBuildFile; fileRef = A9BB37921C13331700ADDA72 /* SuduUITests.swift */; };
		A9BB37A11C1334D900ADDA72 /* LoginViewController.swift in Sources */ = {isa = PBXBuildFile; fileRef = A9BB37A01C1334D900ADDA72 /* LoginViewController.swift */; };
		A9BB37A31C1345CA00ADDA72 /* ProjectTableViewCell.swift in Sources */ = {isa = PBXBuildFile; fileRef = A9BB37A21C1345CA00ADDA72 /* ProjectTableViewCell.swift */; };
		A9BB37A51C1346E100ADDA72 /* ProgressTableViewController.swift in Sources */ = {isa = PBXBuildFile; fileRef = A9BB37A41C1346E100ADDA72 /* ProgressTableViewController.swift */; };
		A9BB37A71C137A2F00ADDA72 /* ProjectTableViewController.swift in Sources */ = {isa = PBXBuildFile; fileRef = A9BB37A61C137A2F00ADDA72 /* ProjectTableViewController.swift */; };
		A9BB37A91C1393BD00ADDA72 /* MemberTableViewCell.swift in Sources */ = {isa = PBXBuildFile; fileRef = A9BB37A81C1393BD00ADDA72 /* MemberTableViewCell.swift */; };
		A9BB37AB1C1394FC00ADDA72 /* MemberTableViewController.swift in Sources */ = {isa = PBXBuildFile; fileRef = A9BB37AA1C1394FC00ADDA72 /* MemberTableViewController.swift */; };
/* End PBXBuildFile section */

/* Begin PBXContainerItemProxy section */
		A9BB37841C13331600ADDA72 /* PBXContainerItemProxy */ = {
			isa = PBXContainerItemProxy;
			containerPortal = A9BB37651C13331600ADDA72 /* Project object */;
			proxyType = 1;
			remoteGlobalIDString = A9BB376C1C13331600ADDA72;
			remoteInfo = Sudu;
		};
		A9BB378F1C13331700ADDA72 /* PBXContainerItemProxy */ = {
			isa = PBXContainerItemProxy;
			containerPortal = A9BB37651C13331600ADDA72 /* Project object */;
			proxyType = 1;
			remoteGlobalIDString = A9BB376C1C13331600ADDA72;
			remoteInfo = Sudu;
		};
/* End PBXContainerItemProxy section */

/* Begin PBXFileReference section */
		A9BB376D1C13331600ADDA72 /* Sudu.app */ = {isa = PBXFileReference; explicitFileType = wrapper.application; includeInIndex = 0; path = Sudu.app; sourceTree = BUILT_PRODUCTS_DIR; };
		A9BB37701C13331600ADDA72 /* AppDelegate.swift */ = {isa = PBXFileReference; lastKnownFileType = sourcecode.swift; path = AppDelegate.swift; sourceTree = "<group>"; };
		A9BB37721C13331600ADDA72 /* ProgressViewController.swift */ = {isa = PBXFileReference; lastKnownFileType = sourcecode.swift; path = ProgressViewController.swift; sourceTree = "<group>"; };
		A9BB37741C13331600ADDA72 /* MemberViewController.swift */ = {isa = PBXFileReference; lastKnownFileType = sourcecode.swift; path = MemberViewController.swift; sourceTree = "<group>"; };
		A9BB37771C13331600ADDA72 /* Base */ = {isa = PBXFileReference; lastKnownFileType = file.storyboard; name = Base; path = Base.lproj/Main.storyboard; sourceTree = "<group>"; };
		A9BB37791C13331600ADDA72 /* Assets.xcassets */ = {isa = PBXFileReference; lastKnownFileType = folder.assetcatalog; path = Assets.xcassets; sourceTree = "<group>"; };
		A9BB377C1C13331600ADDA72 /* Base */ = {isa = PBXFileReference; lastKnownFileType = file.storyboard; name = Base; path = Base.lproj/LaunchScreen.storyboard; sourceTree = "<group>"; };
		A9BB377E1C13331600ADDA72 /* Info.plist */ = {isa = PBXFileReference; lastKnownFileType = text.plist.xml; path = Info.plist; sourceTree = "<group>"; };
		A9BB37831C13331600ADDA72 /* SuduTests.xctest */ = {isa = PBXFileReference; explicitFileType = wrapper.cfbundle; includeInIndex = 0; path = SuduTests.xctest; sourceTree = BUILT_PRODUCTS_DIR; };
		A9BB37871C13331600ADDA72 /* SuduTests.swift */ = {isa = PBXFileReference; lastKnownFileType = sourcecode.swift; path = SuduTests.swift; sourceTree = "<group>"; };
		A9BB37891C13331600ADDA72 /* Info.plist */ = {isa = PBXFileReference; lastKnownFileType = text.plist.xml; path = Info.plist; sourceTree = "<group>"; };
		A9BB378E1C13331700ADDA72 /* SuduUITests.xctest */ = {isa = PBXFileReference; explicitFileType = wrapper.cfbundle; includeInIndex = 0; path = SuduUITests.xctest; sourceTree = BUILT_PRODUCTS_DIR; };
		A9BB37921C13331700ADDA72 /* SuduUITests.swift */ = {isa = PBXFileReference; lastKnownFileType = sourcecode.swift; path = SuduUITests.swift; sourceTree = "<group>"; };
		A9BB37941C13331700ADDA72 /* Info.plist */ = {isa = PBXFileReference; lastKnownFileType = text.plist.xml; path = Info.plist; sourceTree = "<group>"; };
		A9BB37A01C1334D900ADDA72 /* LoginViewController.swift */ = {isa = PBXFileReference; fileEncoding = 4; lastKnownFileType = sourcecode.swift; path = LoginViewController.swift; sourceTree = "<group>"; };
		A9BB37A21C1345CA00ADDA72 /* ProjectTableViewCell.swift */ = {isa = PBXFileReference; fileEncoding = 4; lastKnownFileType = sourcecode.swift; path = ProjectTableViewCell.swift; sourceTree = "<group>"; };
		A9BB37A41C1346E100ADDA72 /* ProgressTableViewController.swift */ = {isa = PBXFileReference; fileEncoding = 4; lastKnownFileType = sourcecode.swift; path = ProgressTableViewController.swift; sourceTree = "<group>"; };
		A9BB37A61C137A2F00ADDA72 /* ProjectTableViewController.swift */ = {isa = PBXFileReference; fileEncoding = 4; lastKnownFileType = sourcecode.swift; path = ProjectTableViewController.swift; sourceTree = "<group>"; };
		A9BB37A81C1393BD00ADDA72 /* MemberTableViewCell.swift */ = {isa = PBXFileReference; fileEncoding = 4; lastKnownFileType = sourcecode.swift; path = MemberTableViewCell.swift; sourceTree = "<group>"; };
		A9BB37AA1C1394FC00ADDA72 /* MemberTableViewController.swift */ = {isa = PBXFileReference; fileEncoding = 4; lastKnownFileType = sourcecode.swift; path = MemberTableViewController.swift; sourceTree = "<group>"; };
/* End PBXFileReference section */

/* Begin PBXFrameworksBuildPhase section */
		A9BB376A1C13331600ADDA72 /* Frameworks */ = {
			isa = PBXFrameworksBuildPhase;
			buildActionMask = 2147483647;
			files = (
			);
			runOnlyForDeploymentPostprocessing = 0;
		};
		A9BB37801C13331600ADDA72 /* Frameworks */ = {
			isa = PBXFrameworksBuildPhase;
			buildActionMask = 2147483647;
			files = (
			);
			runOnlyForDeploymentPostprocessing = 0;
		};
		A9BB378B1C13331700ADDA72 /* Frameworks */ = {
			isa = PBXFrameworksBuildPhase;
			buildActionMask = 2147483647;
			files = (
			);
			runOnlyForDeploymentPostprocessing = 0;
		};
/* End PBXFrameworksBuildPhase section */

/* Begin PBXGroup section */
		A9BB37641C13331600ADDA72 = {
			isa = PBXGroup;
			children = (
				A9BB376F1C13331600ADDA72 /* Sudu */,
				A9BB37861C13331600ADDA72 /* SuduTests */,
				A9BB37911C13331700ADDA72 /* SuduUITests */,
				A9BB376E1C13331600ADDA72 /* Products */,
			);
			sourceTree = "<group>";
		};
		A9BB376E1C13331600ADDA72 /* Products */ = {
			isa = PBXGroup;
			children = (
				A9BB376D1C13331600ADDA72 /* Sudu.app */,
				A9BB37831C13331600ADDA72 /* SuduTests.xctest */,
				A9BB378E1C13331700ADDA72 /* SuduUITests.xctest */,
			);
			name = Products;
			sourceTree = "<group>";
		};
		A9BB376F1C13331600ADDA72 /* Sudu */ = {
			isa = PBXGroup;
			children = (
				A9BB37701C13331600ADDA72 /* AppDelegate.swift */,
				A9BB37721C13331600ADDA72 /* ProgressViewController.swift */,
				A9BB37741C13331600ADDA72 /* MemberViewController.swift */,
				A9BB37761C13331600ADDA72 /* Main.storyboard */,
				A9BB37AA1C1394FC00ADDA72 /* MemberTableViewController.swift */,
				A9BB37A81C1393BD00ADDA72 /* MemberTableViewCell.swift */,
				A9BB37A61C137A2F00ADDA72 /* ProjectTableViewController.swift */,
				A9BB37A41C1346E100ADDA72 /* ProgressTableViewController.swift */,
				A9BB37A21C1345CA00ADDA72 /* ProjectTableViewCell.swift */,
				A9BB37A01C1334D900ADDA72 /* LoginViewController.swift */,
				A9BB37791C13331600ADDA72 /* Assets.xcassets */,
				A9BB377B1C13331600ADDA72 /* LaunchScreen.storyboard */,
				A9BB377E1C13331600ADDA72 /* Info.plist */,
			);
			path = Sudu;
			sourceTree = "<group>";
		};
		A9BB37861C13331600ADDA72 /* SuduTests */ = {
			isa = PBXGroup;
			children = (
				A9BB37871C13331600ADDA72 /* SuduTests.swift */,
				A9BB37891C13331600ADDA72 /* Info.plist */,
			);
			path = SuduTests;
			sourceTree = "<group>";
		};
		A9BB37911C13331700ADDA72 /* SuduUITests */ = {
			isa = PBXGroup;
			children = (
				A9BB37921C13331700ADDA72 /* SuduUITests.swift */,
				A9BB37941C13331700ADDA72 /* Info.plist */,
			);
			path = SuduUITests;
			sourceTree = "<group>";
		};
/* End PBXGroup section */

/* Begin PBXNativeTarget section */
		A9BB376C1C13331600ADDA72 /* Sudu */ = {
			isa = PBXNativeTarget;
			buildConfigurationList = A9BB37971C13331700ADDA72 /* Build configuration list for PBXNativeTarget "Sudu" */;
			buildPhases = (
				A9BB37691C13331600ADDA72 /* Sources */,
				A9BB376A1C13331600ADDA72 /* Frameworks */,
				A9BB376B1C13331600ADDA72 /* Resources */,
			);
			buildRules = (
			);
			dependencies = (
			);
			name = Sudu;
			productName = Sudu;
			productReference = A9BB376D1C13331600ADDA72 /* Sudu.app */;
			productType = "com.apple.product-type.application";
		};
		A9BB37821C13331600ADDA72 /* SuduTests */ = {
			isa = PBXNativeTarget;
			buildConfigurationList = A9BB379A1C13331700ADDA72 /* Build configuration list for PBXNativeTarget "SuduTests" */;
			buildPhases = (
				A9BB377F1C13331600ADDA72 /* Sources */,
				A9BB37801C13331600ADDA72 /* Frameworks */,
				A9BB37811C13331600ADDA72 /* Resources */,
			);
			buildRules = (
			);
			dependencies = (
				A9BB37851C13331600ADDA72 /* PBXTargetDependency */,
			);
			name = SuduTests;
			productName = SuduTests;
			productReference = A9BB37831C13331600ADDA72 /* SuduTests.xctest */;
			productType = "com.apple.product-type.bundle.unit-test";
		};
		A9BB378D1C13331700ADDA72 /* SuduUITests */ = {
			isa = PBXNativeTarget;
			buildConfigurationList = A9BB379D1C13331700ADDA72 /* Build configuration list for PBXNativeTarget "SuduUITests" */;
			buildPhases = (
				A9BB378A1C13331700ADDA72 /* Sources */,
				A9BB378B1C13331700ADDA72 /* Frameworks */,
				A9BB378C1C13331700ADDA72 /* Resources */,
			);
			buildRules = (
			);
			dependencies = (
				A9BB37901C13331700ADDA72 /* PBXTargetDependency */,
			);
			name = SuduUITests;
			productName = SuduUITests;
			productReference = A9BB378E1C13331700ADDA72 /* SuduUITests.xctest */;
			productType = "com.apple.product-type.bundle.ui-testing";
		};
/* End PBXNativeTarget section */

/* Begin PBXProject section */
		A9BB37651C13331600ADDA72 /* Project object */ = {
			isa = PBXProject;
			attributes = {
				LastSwiftUpdateCheck = 0710;
				LastUpgradeCheck = 0710;
				ORGANIZATIONNAME = "xiwei feng";
				TargetAttributes = {
					A9BB376C1C13331600ADDA72 = {
						CreatedOnToolsVersion = 7.1.1;
					};
					A9BB37821C13331600ADDA72 = {
						CreatedOnToolsVersion = 7.1.1;
						TestTargetID = A9BB376C1C13331600ADDA72;
					};
					A9BB378D1C13331700ADDA72 = {
						CreatedOnToolsVersion = 7.1.1;
						TestTargetID = A9BB376C1C13331600ADDA72;
					};
				};
			};
			buildConfigurationList = A9BB37681C13331600ADDA72 /* Build configuration list for PBXProject "Sudu" */;
			compatibilityVersion = "Xcode 3.2";
			developmentRegion = English;
			hasScannedForEncodings = 0;
			knownRegions = (
				en,
				Base,
			);
			mainGroup = A9BB37641C13331600ADDA72;
			productRefGroup = A9BB376E1C13331600ADDA72 /* Products */;
			projectDirPath = "";
			projectRoot = "";
			targets = (
				A9BB376C1C13331600ADDA72 /* Sudu */,
				A9BB37821C13331600ADDA72 /* SuduTests */,
				A9BB378D1C13331700ADDA72 /* SuduUITests */,
			);
		};
/* End PBXProject section */

/* Begin PBXResourcesBuildPhase section */
		A9BB376B1C13331600ADDA72 /* Resources */ = {
			isa = PBXResourcesBuildPhase;
			buildActionMask = 2147483647;
			files = (
				A9BB377D1C13331600ADDA72 /* LaunchScreen.storyboard in Resources */,
				A9BB377A1C13331600ADDA72 /* Assets.xcassets in Resources */,
				A9BB37781C13331600ADDA72 /* Main.storyboard in Resources */,
			);
			runOnlyForDeploymentPostprocessing = 0;
		};
		A9BB37811C13331600ADDA72 /* Resources */ = {
			isa = PBXResourcesBuildPhase;
			buildActionMask = 2147483647;
			files = (
			);
			runOnlyForDeploymentPostprocessing = 0;
		};
		A9BB378C1C13331700ADDA72 /* Resources */ = {
			isa = PBXResourcesBuildPhase;
			buildActionMask = 2147483647;
			files = (
			);
			runOnlyForDeploymentPostprocessing = 0;
		};
/* End PBXResourcesBuildPhase section */

/* Begin PBXSourcesBuildPhase section */
		A9BB37691C13331600ADDA72 /* Sources */ = {
			isa = PBXSourcesBuildPhase;
			buildActionMask = 2147483647;
			files = (
				A9BB37A31C1345CA00ADDA72 /* ProjectTableViewCell.swift in Sources */,
				A9BB37A11C1334D900ADDA72 /* LoginViewController.swift in Sources */,
				A9BB37A51C1346E100ADDA72 /* ProgressTableViewController.swift in Sources */,
				A9BB37AB1C1394FC00ADDA72 /* MemberTableViewController.swift in Sources */,
				A9BB37751C13331600ADDA72 /* MemberViewController.swift in Sources */,
				A9BB37711C13331600ADDA72 /* AppDelegate.swift in Sources */,
				A9BB37A71C137A2F00ADDA72 /* ProjectTableViewController.swift in Sources */,
				A9BB37731C13331600ADDA72 /* ProgressViewController.swift in Sources */,
				A9BB37A91C1393BD00ADDA72 /* MemberTableViewCell.swift in Sources */,
			);
			runOnlyForDeploymentPostprocessing = 0;
		};
		A9BB377F1C13331600ADDA72 /* Sources */ = {
			isa = PBXSourcesBuildPhase;
			buildActionMask = 2147483647;
			files = (
				A9BB37881C13331600ADDA72 /* SuduTests.swift in Sources */,
			);
			runOnlyForDeploymentPostprocessing = 0;
		};
		A9BB378A1C13331700ADDA72 /* Sources */ = {
			isa = PBXSourcesBuildPhase;
			buildActionMask = 2147483647;
			files = (
				A9BB37931C13331700ADDA72 /* SuduUITests.swift in Sources */,
			);
			runOnlyForDeploymentPostprocessing = 0;
		};
/* End PBXSourcesBuildPhase section */

/* Begin PBXTargetDependency section */
		A9BB37851C13331600ADDA72 /* PBXTargetDependency */ = {
			isa = PBXTargetDependency;
			target = A9BB376C1C13331600ADDA72 /* Sudu */;
			targetProxy = A9BB37841C13331600ADDA72 /* PBXContainerItemProxy */;
		};
		A9BB37901C13331700ADDA72 /* PBXTargetDependency */ = {
			isa = PBXTargetDependency;
			target = A9BB376C1C13331600ADDA72 /* Sudu */;
			targetProxy = A9BB378F1C13331700ADDA72 /* PBXContainerItemProxy */;
		};
/* End PBXTargetDependency section */

/* Begin PBXVariantGroup section */
		A9BB37761C13331600ADDA72 /* Main.storyboard */ = {
			isa = PBXVariantGroup;
			children = (
				A9BB37771C13331600ADDA72 /* Base */,
			);
			name = Main.storyboard;
			sourceTree = "<group>";
		};
		A9BB377B1C13331600ADDA72 /* LaunchScreen.storyboard */ = {
			isa = PBXVariantGroup;
			children = (
				A9BB377C1C13331600ADDA72 /* Base */,
			);
			name = LaunchScreen.storyboard;
			sourceTree = "<group>";
		};
/* End PBXVariantGroup section */

/* Begin XCBuildConfiguration section */
		A9BB37951C13331700ADDA72 /* Debug */ = {
			isa = XCBuildConfiguration;
			buildSettings = {
				ALWAYS_SEARCH_USER_PATHS = NO;
				CLANG_CXX_LANGUAGE_STANDARD = "gnu++0x";
				CLANG_CXX_LIBRARY = "libc++";
				CLANG_ENABLE_MODULES = YES;
				CLANG_ENABLE_OBJC_ARC = YES;
				CLANG_WARN_BOOL_CONVERSION = YES;
				CLANG_WARN_CONSTANT_CONVERSION = YES;
				CLANG_WARN_DIRECT_OBJC_ISA_USAGE = YES_ERROR;
				CLANG_WARN_EMPTY_BODY = YES;
				CLANG_WARN_ENUM_CONVERSION = YES;
				CLANG_WARN_INT_CONVERSION = YES;
				CLANG_WARN_OBJC_ROOT_CLASS = YES_ERROR;
				CLANG_WARN_UNREACHABLE_CODE = YES;
				CLANG_WARN__DUPLICATE_METHOD_MATCH = YES;
				"CODE_SIGN_IDENTITY[sdk=iphoneos*]" = "iPhone Developer";
				COPY_PHASE_STRIP = NO;
				DEBUG_INFORMATION_FORMAT = dwarf;
				ENABLE_STRICT_OBJC_MSGSEND = YES;
				ENABLE_TESTABILITY = YES;
				GCC_C_LANGUAGE_STANDARD = gnu99;
				GCC_DYNAMIC_NO_PIC = NO;
				GCC_NO_COMMON_BLOCKS = YES;
				GCC_OPTIMIZATION_LEVEL = 0;
				GCC_PREPROCESSOR_DEFINITIONS = (
					"DEBUG=1",
					"$(inherited)",
				);
				GCC_WARN_64_TO_32_BIT_CONVERSION = YES;
				GCC_WARN_ABOUT_RETURN_TYPE = YES_ERROR;
				GCC_WARN_UNDECLARED_SELECTOR = YES;
				GCC_WARN_UNINITIALIZED_AUTOS = YES_AGGRESSIVE;
				GCC_WARN_UNUSED_FUNCTION = YES;
				GCC_WARN_UNUSED_VARIABLE = YES;
				IPHONEOS_DEPLOYMENT_TARGET = 9.1;
				MTL_ENABLE_DEBUG_INFO = YES;
				ONLY_ACTIVE_ARCH = YES;
				SDKROOT = iphoneos;
				SWIFT_OPTIMIZATION_LEVEL = "-Onone";
			};
			name = Debug;
		};
		A9BB37961C13331700ADDA72 /* Release */ = {
			isa = XCBuildConfiguration;
			buildSettings = {
				ALWAYS_SEARCH_USER_PATHS = NO;
				CLANG_CXX_LANGUAGE_STANDARD = "gnu++0x";
				CLANG_CXX_LIBRARY = "libc++";
				CLANG_ENABLE_MODULES = YES;
				CLANG_ENABLE_OBJC_ARC = YES;
				CLANG_WARN_BOOL_CONVERSION = YES;
				CLANG_WARN_CONSTANT_CONVERSION = YES;
				CLANG_WARN_DIRECT_OBJC_ISA_USAGE = YES_ERROR;
				CLANG_WARN_EMPTY_BODY = YES;
				CLANG_WARN_ENUM_CONVERSION = YES;
				CLANG_WARN_INT_CONVERSION = YES;
				CLANG_WARN_OBJC_ROOT_CLASS = YES_ERROR;
				CLANG_WARN_UNREACHABLE_CODE = YES;
				CLANG_WARN__DUPLICATE_METHOD_MATCH = YES;
				"CODE_SIGN_IDENTITY[sdk=iphoneos*]" = "iPhone Developer";
				COPY_PHASE_STRIP = NO;
				DEBUG_INFORMATION_FORMAT = "dwarf-with-dsym";
				ENABLE_NS_ASSERTIONS = NO;
				ENABLE_STRICT_OBJC_MSGSEND = YES;
				GCC_C_LANGUAGE_STANDARD = gnu99;
				GCC_NO_COMMON_BLOCKS = YES;
				GCC_WARN_64_TO_32_BIT_CONVERSION = YES;
				GCC_WARN_ABOUT_RETURN_TYPE = YES_ERROR;
				GCC_WARN_UNDECLARED_SELECTOR = YES;
				GCC_WARN_UNINITIALIZED_AUTOS = YES_AGGRESSIVE;
				GCC_WARN_UNUSED_FUNCTION = YES;
				GCC_WARN_UNUSED_VARIABLE = YES;
				IPHONEOS_DEPLOYMENT_TARGET = 9.1;
				MTL_ENABLE_DEBUG_INFO = NO;
				SDKROOT = iphoneos;
				VALIDATE_PRODUCT = YES;
			};
			name = Release;
		};
		A9BB37981C13331700ADDA72 /* Debug */ = {
			isa = XCBuildConfiguration;
			buildSettings = {
				ASSETCATALOG_COMPILER_APPICON_NAME = AppIcon;
				INFOPLIST_FILE = Sudu/Info.plist;
				LD_RUNPATH_SEARCH_PATHS = "$(inherited) @executable_path/Frameworks";
				PRODUCT_BUNDLE_IDENTIFIER = com.redbeast.Sudu;
				PRODUCT_NAME = "$(TARGET_NAME)";
			};
			name = Debug;
		};
		A9BB37991C13331700ADDA72 /* Release */ = {
			isa = XCBuildConfiguration;
			buildSettings = {
				ASSETCATALOG_COMPILER_APPICON_NAME = AppIcon;
				INFOPLIST_FILE = Sudu/Info.plist;
				LD_RUNPATH_SEARCH_PATHS = "$(inherited) @executable_path/Frameworks";
				PRODUCT_BUNDLE_IDENTIFIER = com.redbeast.Sudu;
				PRODUCT_NAME = "$(TARGET_NAME)";
			};
			name = Release;
		};
		A9BB379B1C13331700ADDA72 /* Debug */ = {
			isa = XCBuildConfiguration;
			buildSettings = {
				BUNDLE_LOADER = "$(TEST_HOST)";
				INFOPLIST_FILE = SuduTests/Info.plist;
				LD_RUNPATH_SEARCH_PATHS = "$(inherited) @executable_path/Frameworks @loader_path/Frameworks";
				PRODUCT_BUNDLE_IDENTIFIER = com.redbeast.SuduTests;
				PRODUCT_NAME = "$(TARGET_NAME)";
				TEST_HOST = "$(BUILT_PRODUCTS_DIR)/Sudu.app/Sudu";
			};
			name = Debug;
		};
		A9BB379C1C13331700ADDA72 /* Release */ = {
			isa = XCBuildConfiguration;
			buildSettings = {
				BUNDLE_LOADER = "$(TEST_HOST)";
				INFOPLIST_FILE = SuduTests/Info.plist;
				LD_RUNPATH_SEARCH_PATHS = "$(inherited) @executable_path/Frameworks @loader_path/Frameworks";
				PRODUCT_BUNDLE_IDENTIFIER = com.redbeast.SuduTests;
				PRODUCT_NAME = "$(TARGET_NAME)";
				TEST_HOST = "$(BUILT_PRODUCTS_DIR)/Sudu.app/Sudu";
			};
			name = Release;
		};
		A9BB379E1C13331700ADDA72 /* Debug */ = {
			isa = XCBuildConfiguration;
			buildSettings = {
				INFOPLIST_FILE = SuduUITests/Info.plist;
				LD_RUNPATH_SEARCH_PATHS = "$(inherited) @executable_path/Frameworks @loader_path/Frameworks";
				PRODUCT_BUNDLE_IDENTIFIER = com.redbeast.SuduUITests;
				PRODUCT_NAME = "$(TARGET_NAME)";
				TEST_TARGET_NAME = Sudu;
				USES_XCTRUNNER = YES;
			};
			name = Debug;
		};
		A9BB379F1C13331700ADDA72 /* Release */ = {
			isa = XCBuildConfiguration;
			buildSettings = {
				INFOPLIST_FILE = SuduUITests/Info.plist;
				LD_RUNPATH_SEARCH_PATHS = "$(inherited) @executable_path/Frameworks @loader_path/Frameworks";
				PRODUCT_BUNDLE_IDENTIFIER = com.redbeast.SuduUITests;
				PRODUCT_NAME = "$(TARGET_NAME)";
				TEST_TARGET_NAME = Sudu;
				USES_XCTRUNNER = YES;
			};
			name = Release;
		};
/* End XCBuildConfiguration section */

/* Begin XCConfigurationList section */
		A9BB37681C13331600ADDA72 /* Build configuration list for PBXProject "Sudu" */ = {
			isa = XCConfigurationList;
			buildConfigurations = (
				A9BB37951C13331700ADDA72 /* Debug */,
				A9BB37961C13331700ADDA72 /* Release */,
			);
			defaultConfigurationIsVisible = 0;
			defaultConfigurationName = Release;
		};
		A9BB37971C13331700ADDA72 /* Build configuration list for PBXNativeTarget "Sudu" */ = {
			isa = XCConfigurationList;
			buildConfigurations = (
				A9BB37981C13331700ADDA72 /* Debug */,
				A9BB37991C13331700ADDA72 /* Release */,
			);
			defaultConfigurationIsVisible = 0;
		};
		A9BB379A1C13331700ADDA72 /* Build configuration list for PBXNativeTarget "SuduTests" */ = {
			isa = XCConfigurationList;
			buildConfigurations = (
				A9BB379B1C13331700ADDA72 /* Debug */,
				A9BB379C1C13331700ADDA72 /* Release */,
			);
			defaultConfigurationIsVisible = 0;
		};
		A9BB379D1C13331700ADDA72 /* Build configuration list for PBXNativeTarget "SuduUITests" */ = {
			isa = XCConfigurationList;
			buildConfigurations = (
				A9BB379E1C13331700ADDA72 /* Debug */,
				A9BB379F1C13331700ADDA72 /* Release */,
			);
			defaultConfigurationIsVisible = 0;
		};
/* End XCConfigurationList section */
	};
	rootObject = A9BB37651C13331600ADDA72 /* Project object */;
}
